
Microsoft Visual Studio Solution File, Format Version 12.00
# Visual Studio Version 16
VisualStudioVersion = 16.0.31829.152
MinimumVisualStudioVersion = 10.0.40219.1
Project("{FAE04EC0-301F-11D3-BF4B-00C04F79EFBC}") = "ClaasDemo2021FisrtRazor", "ClaasDemo2021FisrtRazor\ClaasDemo2021FisrtRazor.csproj", "{C146D494-6527-4A5D-A5A0-47ACA383B0C0}"
EndProject
Global
	GlobalSection(SolutionConfigurationPlatforms) = preSolution
		Debug|Any CPU = Debug|Any CPU
		Release|Any CPU = Release|Any CPU
	EndGlobalSection
	GlobalSection(ProjectConfigurationPlatforms) = postSolution
		{C146D494-6527-4A5D-A5A0-47ACA383B0C0}.Debug|Any CPU.ActiveCfg = Debug|Any CPU
		{C146D494-6527-4A5D-A5A0-47ACA383B0C0}.Debug|Any CPU.Build.0 = Debug|Any CPU
		{C146D494-6527-4A5D-A5A0-47ACA383B0C0}.Release|Any CPU.ActiveCfg = Release|Any CPU
		{C146D494-6527-4A5D-A5A0-47ACA383B0C0}.Release|Any CPU.Build.0 = Release|Any CPU
	EndGlobalSection
	GlobalSection(SolutionProperties) = preSolution
		HideSolutionNode = FALSE
	EndGlobalSection
	GlobalSection(ExtensibilityGlobals) = postSolution
		SolutionGuid = {B3EA50E0-0C10-4C7E-9FAB-E6BE56C5231F}
	EndGlobalSection
EndGlobal
